
Microsoft Visual Studio Solution File, Format Version 11.00
# Visual Studio 2010
Project("{FAE04EC0-301F-11D3-BF4B-00C04F79EFBC}") = "GradeBook", "GradeBook\GradeBook.csproj", "{32438F49-3D3C-41F5-BB44-E0DD0577EE53}"
EndProject
Project("{FAE04EC0-301F-11D3-BF4B-00C04F79EFBC}") = "UnitTestProject", "UnitTestProject\UnitTestProject.csproj", "{91342B14-C98B-4711-8701-61173C592708}"
EndProject
Project("{2150E333-8FDC-42A3-9474-1A3956D46DE8}") = "Solution Items", "Solution Items", "{B98EDB51-5892-4530-88E0-57FD3388E06E}"
	ProjectSection(SolutionItems) = preProject
		GradeBook.vsmdi = GradeBook.vsmdi
		Local.testsettings = Local.testsettings
		TraceAndTestImpact.testsettings = TraceAndTestImpact.testsettings
	EndProjectSection
EndProject
Global
	GlobalSection(TestCaseManagementSettings) = postSolution
		CategoryFile = GradeBook.vsmdi
	EndGlobalSection
	GlobalSection(SolutionConfigurationPlatforms) = preSolution
		Debug|Any CPU = Debug|Any CPU
		Debug|Mixed Platforms = Debug|Mixed Platforms
		Debug|x86 = Debug|x86
		Release|Any CPU = Release|Any CPU
		Release|Mixed Platforms = Release|Mixed Platforms
		Release|x86 = Release|x86
	EndGlobalSection
	GlobalSection(ProjectConfigurationPlatforms) = postSolution
		{32438F49-3D3C-41F5-BB44-E0DD0577EE53}.Debug|Any CPU.ActiveCfg = Debug|x86
		{32438F49-3D3C-41F5-BB44-E0DD0577EE53}.Debug|Mixed Platforms.ActiveCfg = Debug|x86
		{32438F49-3D3C-41F5-BB44-E0DD0577EE53}.Debug|Mixed Platforms.Build.0 = Debug|x86
		{32438F49-3D3C-41F5-BB44-E0DD0577EE53}.Debug|x86.ActiveCfg = Debug|x86
		{32438F49-3D3C-41F5-BB44-E0DD0577EE53}.Debug|x86.Build.0 = Debug|x86
		{32438F49-3D3C-41F5-BB44-E0DD0577EE53}.Release|Any CPU.ActiveCfg = Release|x86
		{32438F49-3D3C-41F5-BB44-E0DD0577EE53}.Release|Mixed Platforms.ActiveCfg = Release|x86
		{32438F49-3D3C-41F5-BB44-E0DD0577EE53}.Release|Mixed Platforms.Build.0 = Release|x86
		{32438F49-3D3C-41F5-BB44-E0DD0577EE53}.Release|x86.ActiveCfg = Release|x86
		{32438F49-3D3C-41F5-BB44-E0DD0577EE53}.Release|x86.Build.0 = Release|x86
		{91342B14-C98B-4711-8701-61173C592708}.Debug|Any CPU.ActiveCfg = Debug|Any CPU
		{91342B14-C98B-4711-8701-61173C592708}.Debug|Any CPU.Build.0 = Debug|Any CPU
		{91342B14-C98B-4711-8701-61173C592708}.Debug|Mixed Platforms.ActiveCfg = Debug|Any CPU
		{91342B14-C98B-4711-8701-61173C592708}.Debug|Mixed Platforms.Build.0 = Debug|Any CPU
		{91342B14-C98B-4711-8701-61173C592708}.Debug|x86.ActiveCfg = Debug|Any CPU
		{91342B14-C98B-4711-8701-61173C592708}.Release|Any CPU.ActiveCfg = Release|Any CPU
		{91342B14-C98B-4711-8701-61173C592708}.Release|Any CPU.Build.0 = Release|Any CPU
		{91342B14-C98B-4711-8701-61173C592708}.Release|Mixed Platforms.ActiveCfg = Release|Any CPU
		{91342B14-C98B-4711-8701-61173C592708}.Release|Mixed Platforms.Build.0 = Release|Any CPU
		{91342B14-C98B-4711-8701-61173C592708}.Release|x86.ActiveCfg = Release|Any CPU
	EndGlobalSection
	GlobalSection(SolutionProperties) = preSolution
		HideSolutionNode = FALSE
	EndGlobalSection
EndGlobal
